[[package]]
category = "main"
description = "A chess library with move generation and validation, Polyglot opening book probing, PGN reading and writing, Gaviota tablebase probing, Syzygy tablebase probing, and XBoard/UCI engine communication."
name = "chess"
optional = false
python-versions = ">=3.7"
version = "1.5.0"

[metadata]
content-hash = "92bb2b3abb5ee0328cae28e4af2bacb47ea7d00aa5c3509edbe32cb9bbafc0ca"
python-versions = "^3.8"

[metadata.files]
chess = [
    {file = "chess-1.5.0-py3-none-any.whl", hash = "sha256:d78e83273c6ee58a7b5b557fecdec5082aa44e457b6db5f7f4224eabc7520462"},
    {file = "chess-1.5.0.tar.gz", hash = "sha256:6969ca671260e24622d522b4dce9f96edbfa3878dd04ac9001cac844d5e64937"},
]
